
Microsoft Visual Studio Solution File, Format Version 12.00
# Visual Studio 2012
Project("{FAE04EC0-301F-11D3-BF4B-00C04F79EFBC}") = "Neural1", "Neural1\Neural1.csproj", "{7BC8BEB1-6591-4329-AAD8-0CCDA6CBD880}"
EndProject
Global
	GlobalSection(SolutionConfigurationPlatforms) = preSolution
		Debug|Any CPU = Debug|Any CPU
		Release|Any CPU = Release|Any CPU
	EndGlobalSection
	GlobalSection(ProjectConfigurationPlatforms) = postSolution
		{7BC8BEB1-6591-4329-AAD8-0CCDA6CBD880}.Debug|Any CPU.ActiveCfg = Debug|Any CPU
		{7BC8BEB1-6591-4329-AAD8-0CCDA6CBD880}.Debug|Any CPU.Build.0 = Debug|Any CPU
		{7BC8BEB1-6591-4329-AAD8-0CCDA6CBD880}.Release|Any CPU.ActiveCfg = Release|Any CPU
		{7BC8BEB1-6591-4329-AAD8-0CCDA6CBD880}.Release|Any CPU.Build.0 = Release|Any CPU
	EndGlobalSection
	GlobalSection(SolutionProperties) = preSolution
		HideSolutionNode = FALSE
	EndGlobalSection
EndGlobal
